
Microsoft Visual Studio Solution File, Format Version 12.00
# Visual Studio 15
VisualStudioVersion = 15.0.28010.0
MinimumVisualStudioVersion = 10.0.40219.1
Project("{FAE04EC0-301F-11D3-BF4B-00C04F79EFBC}") = "FlightCreator", "FlightCreator\FlightCreator.csproj", "{FC975D4B-AC25-4CE2-A408-215E4829A3D9}"
EndProject
Project("{9A19103F-16F7-4668-BE54-9A1E7A4F7556}") = "Common", "Common\Common.csproj", "{0D8EB9FC-8BD6-42FB-AFF0-3B48999DA6F0}"
EndProject
Project("{FAE04EC0-301F-11D3-BF4B-00C04F79EFBC}") = "FlightsRadar", "RadarFlight\FlightsRadar.csproj", "{FB395368-D5B5-4EB9-BAD7-5FDF354C3624}"
EndProject
Project("{FAE04EC0-301F-11D3-BF4B-00C04F79EFBC}") = "Server", "Server\Server\Server.csproj", "{920FDFE9-8285-450E-A27E-B1C6931873FE}"
EndProject
Global
	GlobalSection(SolutionConfigurationPlatforms) = preSolution
		Debug|Any CPU = Debug|Any CPU
		Debug|ARM = Debug|ARM
		Debug|x64 = Debug|x64
		Debug|x86 = Debug|x86
		Release|Any CPU = Release|Any CPU
		Release|ARM = Release|ARM
		Release|x64 = Release|x64
		Release|x86 = Release|x86
	EndGlobalSection
	GlobalSection(ProjectConfigurationPlatforms) = postSolution
		{FC975D4B-AC25-4CE2-A408-215E4829A3D9}.Debug|Any CPU.ActiveCfg = Debug|Any CPU
		{FC975D4B-AC25-4CE2-A408-215E4829A3D9}.Debug|Any CPU.Build.0 = Debug|Any CPU
		{FC975D4B-AC25-4CE2-A408-215E4829A3D9}.Debug|ARM.ActiveCfg = Debug|Any CPU
		{FC975D4B-AC25-4CE2-A408-215E4829A3D9}.Debug|ARM.Build.0 = Debug|Any CPU
		{FC975D4B-AC25-4CE2-A408-215E4829A3D9}.Debug|x64.ActiveCfg = Debug|Any CPU
		{FC975D4B-AC25-4CE2-A408-215E4829A3D9}.Debug|x64.Build.0 = Debug|Any CPU
		{FC975D4B-AC25-4CE2-A408-215E4829A3D9}.Debug|x86.ActiveCfg = Debug|Any CPU
		{FC975D4B-AC25-4CE2-A408-215E4829A3D9}.Debug|x86.Build.0 = Debug|Any CPU
		{FC975D4B-AC25-4CE2-A408-215E4829A3D9}.Release|Any CPU.ActiveCfg = Release|Any CPU
		{FC975D4B-AC25-4CE2-A408-215E4829A3D9}.Release|Any CPU.Build.0 = Release|Any CPU
		{FC975D4B-AC25-4CE2-A408-215E4829A3D9}.Release|ARM.ActiveCfg = Release|Any CPU
		{FC975D4B-AC25-4CE2-A408-215E4829A3D9}.Release|ARM.Build.0 = Release|Any CPU
		{FC975D4B-AC25-4CE2-A408-215E4829A3D9}.Release|x64.ActiveCfg = Release|Any CPU
		{FC975D4B-AC25-4CE2-A408-215E4829A3D9}.Release|x64.Build.0 = Release|Any CPU
		{FC975D4B-AC25-4CE2-A408-215E4829A3D9}.Release|x86.ActiveCfg = Release|Any CPU
		{FC975D4B-AC25-4CE2-A408-215E4829A3D9}.Release|x86.Build.0 = Release|Any CPU
		{0D8EB9FC-8BD6-42FB-AFF0-3B48999DA6F0}.Debug|Any CPU.ActiveCfg = Debug|Any CPU
		{0D8EB9FC-8BD6-42FB-AFF0-3B48999DA6F0}.Debug|Any CPU.Build.0 = Debug|Any CPU
		{0D8EB9FC-8BD6-42FB-AFF0-3B48999DA6F0}.Debug|ARM.ActiveCfg = Debug|Any CPU
		{0D8EB9FC-8BD6-42FB-AFF0-3B48999DA6F0}.Debug|ARM.Build.0 = Debug|Any CPU
		{0D8EB9FC-8BD6-42FB-AFF0-3B48999DA6F0}.Debug|x64.ActiveCfg = Debug|Any CPU
		{0D8EB9FC-8BD6-42FB-AFF0-3B48999DA6F0}.Debug|x64.Build.0 = Debug|Any CPU
		{0D8EB9FC-8BD6-42FB-AFF0-3B48999DA6F0}.Debug|x86.ActiveCfg = Debug|Any CPU
		{0D8EB9FC-8BD6-42FB-AFF0-3B48999DA6F0}.Debug|x86.Build.0 = Debug|Any CPU
		{0D8EB9FC-8BD6-42FB-AFF0-3B48999DA6F0}.Release|Any CPU.ActiveCfg = Release|Any CPU
		{0D8EB9FC-8BD6-42FB-AFF0-3B48999DA6F0}.Release|Any CPU.Build.0 = Release|Any CPU
		{0D8EB9FC-8BD6-42FB-AFF0-3B48999DA6F0}.Release|ARM.ActiveCfg = Release|Any CPU
		{0D8EB9FC-8BD6-42FB-AFF0-3B48999DA6F0}.Release|ARM.Build.0 = Release|Any CPU
		{0D8EB9FC-8BD6-42FB-AFF0-3B48999DA6F0}.Release|x64.ActiveCfg = Release|Any CPU
		{0D8EB9FC-8BD6-42FB-AFF0-3B48999DA6F0}.Release|x64.Build.0 = Release|Any CPU
		{0D8EB9FC-8BD6-42FB-AFF0-3B48999DA6F0}.Release|x86.ActiveCfg = Release|Any CPU
		{0D8EB9FC-8BD6-42FB-AFF0-3B48999DA6F0}.Release|x86.Build.0 = Release|Any CPU
		{FB395368-D5B5-4EB9-BAD7-5FDF354C3624}.Debug|Any CPU.ActiveCfg = Debug|x86
		{FB395368-D5B5-4EB9-BAD7-5FDF354C3624}.Debug|ARM.ActiveCfg = Debug|ARM
		{FB395368-D5B5-4EB9-BAD7-5FDF354C3624}.Debug|ARM.Build.0 = Debug|ARM
		{FB395368-D5B5-4EB9-BAD7-5FDF354C3624}.Debug|ARM.Deploy.0 = Debug|ARM
		{FB395368-D5B5-4EB9-BAD7-5FDF354C3624}.Debug|x64.ActiveCfg = Debug|x64
		{FB395368-D5B5-4EB9-BAD7-5FDF354C3624}.Debug|x64.Build.0 = Debug|x64
		{FB395368-D5B5-4EB9-BAD7-5FDF354C3624}.Debug|x64.Deploy.0 = Debug|x64
		{FB395368-D5B5-4EB9-BAD7-5FDF354C3624}.Debug|x86.ActiveCfg = Debug|x86
		{FB395368-D5B5-4EB9-BAD7-5FDF354C3624}.Debug|x86.Build.0 = Debug|x86
		{FB395368-D5B5-4EB9-BAD7-5FDF354C3624}.Debug|x86.Deploy.0 = Debug|x86
		{FB395368-D5B5-4EB9-BAD7-5FDF354C3624}.Release|Any CPU.ActiveCfg = Release|x86
		{FB395368-D5B5-4EB9-BAD7-5FDF354C3624}.Release|ARM.ActiveCfg = Release|ARM
		{FB395368-D5B5-4EB9-BAD7-5FDF354C3624}.Release|ARM.Build.0 = Release|ARM
		{FB395368-D5B5-4EB9-BAD7-5FDF354C3624}.Release|ARM.Deploy.0 = Release|ARM
		{FB395368-D5B5-4EB9-BAD7-5FDF354C3624}.Release|x64.ActiveCfg = Release|x64
		{FB395368-D5B5-4EB9-BAD7-5FDF354C3624}.Release|x64.Build.0 = Release|x64
		{FB395368-D5B5-4EB9-BAD7-5FDF354C3624}.Release|x64.Deploy.0 = Release|x64
		{FB395368-D5B5-4EB9-BAD7-5FDF354C3624}.Release|x86.ActiveCfg = Release|x86
		{FB395368-D5B5-4EB9-BAD7-5FDF354C3624}.Release|x86.Build.0 = Release|x86
		{FB395368-D5B5-4EB9-BAD7-5FDF354C3624}.Release|x86.Deploy.0 = Release|x86
		{920FDFE9-8285-450E-A27E-B1C6931873FE}.Debug|Any CPU.ActiveCfg = Debug|Any CPU
		{920FDFE9-8285-450E-A27E-B1C6931873FE}.Debug|Any CPU.Build.0 = Debug|Any CPU
		{920FDFE9-8285-450E-A27E-B1C6931873FE}.Debug|ARM.ActiveCfg = Debug|Any CPU
		{920FDFE9-8285-450E-A27E-B1C6931873FE}.Debug|ARM.Build.0 = Debug|Any CPU
		{920FDFE9-8285-450E-A27E-B1C6931873FE}.Debug|x64.ActiveCfg = Debug|Any CPU
		{920FDFE9-8285-450E-A27E-B1C6931873FE}.Debug|x64.Build.0 = Debug|Any CPU
		{920FDFE9-8285-450E-A27E-B1C6931873FE}.Debug|x86.ActiveCfg = Debug|Any CPU
		{920FDFE9-8285-450E-A27E-B1C6931873FE}.Debug|x86.Build.0 = Debug|Any CPU
		{920FDFE9-8285-450E-A27E-B1C6931873FE}.Release|Any CPU.ActiveCfg = Release|Any CPU
		{920FDFE9-8285-450E-A27E-B1C6931873FE}.Release|Any CPU.Build.0 = Release|Any CPU
		{920FDFE9-8285-450E-A27E-B1C6931873FE}.Release|ARM.ActiveCfg = Release|Any CPU
		{920FDFE9-8285-450E-A27E-B1C6931873FE}.Release|ARM.Build.0 = Release|Any CPU
		{920FDFE9-8285-450E-A27E-B1C6931873FE}.Release|x64.ActiveCfg = Release|Any CPU
		{920FDFE9-8285-450E-A27E-B1C6931873FE}.Release|x64.Build.0 = Release|Any CPU
		{920FDFE9-8285-450E-A27E-B1C6931873FE}.Release|x86.ActiveCfg = Release|Any CPU
		{920FDFE9-8285-450E-A27E-B1C6931873FE}.Release|x86.Build.0 = Release|Any CPU
	EndGlobalSection
	GlobalSection(SolutionProperties) = preSolution
		HideSolutionNode = FALSE
	EndGlobalSection
	GlobalSection(ExtensibilityGlobals) = postSolution
		SolutionGuid = {7B62ECE5-D9F6-47BA-A36D-45A8A74DFD54}
	EndGlobalSection
EndGlobal
