
Microsoft Visual Studio Solution File, Format Version 12.00
# Visual Studio 15
VisualStudioVersion = 15.0.27703.2047
MinimumVisualStudioVersion = 10.0.40219.1
Project("{FAE04EC0-301F-11D3-BF4B-00C04F79EFBC}") = "Server", "Server\Server.csproj", "{920FDFE9-8285-450E-A27E-B1C6931873FE}"
EndProject
Project("{9A19103F-16F7-4668-BE54-9A1E7A4F7556}") = "Common", "..\Common\Common.csproj", "{BD0E3CC9-A6D7-4C28-9630-CD92D57A60A3}"
EndProject
Global
	GlobalSection(SolutionConfigurationPlatforms) = preSolution
		Debug|Any CPU = Debug|Any CPU
		Release|Any CPU = Release|Any CPU
	EndGlobalSection
	GlobalSection(ProjectConfigurationPlatforms) = postSolution
		{920FDFE9-8285-450E-A27E-B1C6931873FE}.Debug|Any CPU.ActiveCfg = Debug|Any CPU
		{920FDFE9-8285-450E-A27E-B1C6931873FE}.Debug|Any CPU.Build.0 = Debug|Any CPU
		{920FDFE9-8285-450E-A27E-B1C6931873FE}.Release|Any CPU.ActiveCfg = Release|Any CPU
		{920FDFE9-8285-450E-A27E-B1C6931873FE}.Release|Any CPU.Build.0 = Release|Any CPU
		{BD0E3CC9-A6D7-4C28-9630-CD92D57A60A3}.Debug|Any CPU.ActiveCfg = Debug|Any CPU
		{BD0E3CC9-A6D7-4C28-9630-CD92D57A60A3}.Debug|Any CPU.Build.0 = Debug|Any CPU
		{BD0E3CC9-A6D7-4C28-9630-CD92D57A60A3}.Release|Any CPU.ActiveCfg = Release|Any CPU
		{BD0E3CC9-A6D7-4C28-9630-CD92D57A60A3}.Release|Any CPU.Build.0 = Release|Any CPU
	EndGlobalSection
	GlobalSection(SolutionProperties) = preSolution
		HideSolutionNode = FALSE
	EndGlobalSection
	GlobalSection(ExtensibilityGlobals) = postSolution
		SolutionGuid = {FBF33DEA-F645-493A-9628-BEE63867A51F}
	EndGlobalSection
EndGlobal
